
Microsoft Visual Studio Solution File, Format Version 12.00
# Visual Studio 15
VisualStudioVersion = 15.0.28010.2046
MinimumVisualStudioVersion = 10.0.40219.1
Project("{FAE04EC0-301F-11D3-BF4B-00C04F79EFBC}") = "TeduShop.Common", "TeduShop.Common\TeduShop.Common.csproj", "{A1E3ED13-7412-45A8-A614-84F0A5A558EF}"
EndProject
Project("{FAE04EC0-301F-11D3-BF4B-00C04F79EFBC}") = "TeduShop.Data", "TeduShop.Data\TeduShop.Data.csproj", "{DBC6CA83-1BE8-4960-80CC-6F8325A1F99C}"
EndProject
Project("{FAE04EC0-301F-11D3-BF4B-00C04F79EFBC}") = "TeduShop.Model", "TeduShop.Model\TeduShop.Model.csproj", "{CD4E767E-86C7-4825-B00F-7D87944B8A4B}"
EndProject
Project("{FAE04EC0-301F-11D3-BF4B-00C04F79EFBC}") = "TeduShop.Service", "TeduShop.Service\TeduShop.Service.csproj", "{4E12DFBF-8D5C-4600-B720-7275AF6F4167}"
EndProject
Project("{FAE04EC0-301F-11D3-BF4B-00C04F79EFBC}") = "TeduShop.Web", "TeduShop.Web\TeduShop.Web.csproj", "{ED4F9749-297A-4EA8-877E-6A747CFE7037}"
EndProject
Project("{FAE04EC0-301F-11D3-BF4B-00C04F79EFBC}") = "TeduShop.UnitTest", "TeduShop.UnitTest\TeduShop.UnitTest.csproj", "{06FA1FF5-B73D-43FA-A735-B540F1B8AB1A}"
EndProject
Global
	GlobalSection(SolutionConfigurationPlatforms) = preSolution
		Debug|Any CPU = Debug|Any CPU
		Release|Any CPU = Release|Any CPU
	EndGlobalSection
	GlobalSection(ProjectConfigurationPlatforms) = postSolution
		{A1E3ED13-7412-45A8-A614-84F0A5A558EF}.Debug|Any CPU.ActiveCfg = Debug|Any CPU
		{A1E3ED13-7412-45A8-A614-84F0A5A558EF}.Debug|Any CPU.Build.0 = Debug|Any CPU
		{A1E3ED13-7412-45A8-A614-84F0A5A558EF}.Release|Any CPU.ActiveCfg = Release|Any CPU
		{A1E3ED13-7412-45A8-A614-84F0A5A558EF}.Release|Any CPU.Build.0 = Release|Any CPU
		{DBC6CA83-1BE8-4960-80CC-6F8325A1F99C}.Debug|Any CPU.ActiveCfg = Debug|Any CPU
		{DBC6CA83-1BE8-4960-80CC-6F8325A1F99C}.Debug|Any CPU.Build.0 = Debug|Any CPU
		{DBC6CA83-1BE8-4960-80CC-6F8325A1F99C}.Release|Any CPU.ActiveCfg = Release|Any CPU
		{DBC6CA83-1BE8-4960-80CC-6F8325A1F99C}.Release|Any CPU.Build.0 = Release|Any CPU
		{CD4E767E-86C7-4825-B00F-7D87944B8A4B}.Debug|Any CPU.ActiveCfg = Debug|Any CPU
		{CD4E767E-86C7-4825-B00F-7D87944B8A4B}.Debug|Any CPU.Build.0 = Debug|Any CPU
		{CD4E767E-86C7-4825-B00F-7D87944B8A4B}.Release|Any CPU.ActiveCfg = Release|Any CPU
		{CD4E767E-86C7-4825-B00F-7D87944B8A4B}.Release|Any CPU.Build.0 = Release|Any CPU
		{4E12DFBF-8D5C-4600-B720-7275AF6F4167}.Debug|Any CPU.ActiveCfg = Debug|Any CPU
		{4E12DFBF-8D5C-4600-B720-7275AF6F4167}.Debug|Any CPU.Build.0 = Debug|Any CPU
		{4E12DFBF-8D5C-4600-B720-7275AF6F4167}.Release|Any CPU.ActiveCfg = Release|Any CPU
		{4E12DFBF-8D5C-4600-B720-7275AF6F4167}.Release|Any CPU.Build.0 = Release|Any CPU
		{ED4F9749-297A-4EA8-877E-6A747CFE7037}.Debug|Any CPU.ActiveCfg = Debug|Any CPU
		{ED4F9749-297A-4EA8-877E-6A747CFE7037}.Debug|Any CPU.Build.0 = Debug|Any CPU
		{ED4F9749-297A-4EA8-877E-6A747CFE7037}.Release|Any CPU.ActiveCfg = Release|Any CPU
		{ED4F9749-297A-4EA8-877E-6A747CFE7037}.Release|Any CPU.Build.0 = Release|Any CPU
		{06FA1FF5-B73D-43FA-A735-B540F1B8AB1A}.Debug|Any CPU.ActiveCfg = Debug|Any CPU
		{06FA1FF5-B73D-43FA-A735-B540F1B8AB1A}.Debug|Any CPU.Build.0 = Debug|Any CPU
		{06FA1FF5-B73D-43FA-A735-B540F1B8AB1A}.Release|Any CPU.ActiveCfg = Release|Any CPU
		{06FA1FF5-B73D-43FA-A735-B540F1B8AB1A}.Release|Any CPU.Build.0 = Release|Any CPU
	EndGlobalSection
	GlobalSection(SolutionProperties) = preSolution
		HideSolutionNode = FALSE
	EndGlobalSection
	GlobalSection(ExtensibilityGlobals) = postSolution
		SolutionGuid = {91532468-3364-40FA-98D3-91624B512A40}
	EndGlobalSection
EndGlobal
